
Microsoft Visual Studio Solution File, Format Version 12.00
# Visual Studio Version 17
VisualStudioVersion = 17.13.35825.156 d17.13
MinimumVisualStudioVersion = 10.0.40219.1
Project("{FAE04EC0-301F-11D3-BF4B-00C04F79EFBC}") = "Practice_1_Week", "Practice_1_Week\Practice_1_Week.csproj", "{5F0628DA-17F4-4F3B-9CA8-EC45AC871EE8}"
EndProject
Global
	GlobalSection(SolutionConfigurationPlatforms) = preSolution
		Debug|Any CPU = Debug|Any CPU
		Release|Any CPU = Release|Any CPU
	EndGlobalSection
	GlobalSection(ProjectConfigurationPlatforms) = postSolution
		{5F0628DA-17F4-4F3B-9CA8-EC45AC871EE8}.Debug|Any CPU.ActiveCfg = Debug|Any CPU
		{5F0628DA-17F4-4F3B-9CA8-EC45AC871EE8}.Debug|Any CPU.Build.0 = Debug|Any CPU
		{5F0628DA-17F4-4F3B-9CA8-EC45AC871EE8}.Release|Any CPU.ActiveCfg = Release|Any CPU
		{5F0628DA-17F4-4F3B-9CA8-EC45AC871EE8}.Release|Any CPU.Build.0 = Release|Any CPU
	EndGlobalSection
	GlobalSection(SolutionProperties) = preSolution
		HideSolutionNode = FALSE
	EndGlobalSection
	GlobalSection(ExtensibilityGlobals) = postSolution
		SolutionGuid = {8B65952C-8A33-4540-B65F-1FF457ABA089}
	EndGlobalSection
EndGlobal
